{
  "name": "openclaw-memory-recall",
  "version": "0.1.0",
  "lockfileVersion": 3,
  "requires": true,
  "packages": {
    "": {
      "name": "openclaw-memory-recall",
      "version": "0.1.0",
      "dependencies": {
        "@openclaw/bm25-tokenizer": "file:../../shared/bm25-tokenizer",
        "@sinclair/typebox": "^0.34.0",
        "typescript": "^6.0.2"
      }
    },
    "../../shared/bm25-tokenizer": {
      "name": "@openclaw/bm25-tokenizer",
      "version": "1.0.0"
    },
    "node_modules/@openclaw/bm25-tokenizer": {
      "resolved": "../../shared/bm25-tokenizer",
      "link": true
    },
    "node_modules/@sinclair/typebox": {
      "version": "0.34.49",
      "resolved": "https://registry.npmjs.org/@sinclair/typebox/-/typebox-0.34.49.tgz",
      "integrity": "sha512-brySQQs7Jtn0joV8Xh9ZV/hZb9Ozb0pmazDIASBkYKCjXrXU3mpcFahmK/z4YDhGkQvP9mWJbVyahdtU5wQA+A==",
      "license": "MIT"
    },
    "node_modules/typescript": {
      "version": "6.0.2",
      "resolved": "https://registry.npmjs.org/typescript/-/typescript-6.0.2.tgz",
      "integrity": "sha512-bGdAIrZ0wiGDo5l8c++HWtbaNCWTS4UTv7RaTH/ThVIgjkveJt83m74bBHMJkuCbslY8ixgLBVZJIOiQlQTjfQ==",
      "license": "Apache-2.0",
      "bin": {
        "tsc": "bin/tsc",
        "tsserver": "bin/tsserver"
      },
      "engines": {
        "node": ">=14.17"
      }
    }
  }
}
